
Microsoft Visual Studio Solution File, Format Version 12.00
# Visual Studio 15
VisualStudioVersion = 15.0.28010.2050
MinimumVisualStudioVersion = 10.0.40219.1
Project("{FAE04EC0-301F-11D3-BF4B-00C04F79EFBC}") = "CotizadorTest", "CotizadorTest\CotizadorTest.csproj", "{ECC36090-1078-4853-91DE-48F65F2BCE17}"
EndProject
Global
	GlobalSection(SolutionConfigurationPlatforms) = preSolution
		Debug|Any CPU = Debug|Any CPU
		Release|Any CPU = Release|Any CPU
	EndGlobalSection
	GlobalSection(ProjectConfigurationPlatforms) = postSolution
		{ECC36090-1078-4853-91DE-48F65F2BCE17}.Debug|Any CPU.ActiveCfg = Debug|Any CPU
		{ECC36090-1078-4853-91DE-48F65F2BCE17}.Debug|Any CPU.Build.0 = Debug|Any CPU
		{ECC36090-1078-4853-91DE-48F65F2BCE17}.Release|Any CPU.ActiveCfg = Release|Any CPU
		{ECC36090-1078-4853-91DE-48F65F2BCE17}.Release|Any CPU.Build.0 = Release|Any CPU
	EndGlobalSection
	GlobalSection(SolutionProperties) = preSolution
		HideSolutionNode = FALSE
	EndGlobalSection
	GlobalSection(ExtensibilityGlobals) = postSolution
		SolutionGuid = {CDD406F5-6A0A-4FB6-9110-ABB2BE4362D2}
	EndGlobalSection
EndGlobal
